
Microsoft Visual Studio Solution File, Format Version 12.00
# Visual Studio 2012
Project("{FAE04EC0-301F-11D3-BF4B-00C04F79EFBC}") = "DESEncryptTools", "DESEncryptTools\DESEncryptTools.csproj", "{19A54A75-9E7B-4C01-BF25-83DBF70CD213}"
EndProject
Global
	GlobalSection(SolutionConfigurationPlatforms) = preSolution
		Debug|Any CPU = Debug|Any CPU
		Release|Any CPU = Release|Any CPU
	EndGlobalSection
	GlobalSection(ProjectConfigurationPlatforms) = postSolution
		{19A54A75-9E7B-4C01-BF25-83DBF70CD213}.Debug|Any CPU.ActiveCfg = Debug|Any CPU
		{19A54A75-9E7B-4C01-BF25-83DBF70CD213}.Debug|Any CPU.Build.0 = Debug|Any CPU
		{19A54A75-9E7B-4C01-BF25-83DBF70CD213}.Release|Any CPU.ActiveCfg = Release|Any CPU
		{19A54A75-9E7B-4C01-BF25-83DBF70CD213}.Release|Any CPU.Build.0 = Release|Any CPU
	EndGlobalSection
	GlobalSection(SolutionProperties) = preSolution
		HideSolutionNode = FALSE
	EndGlobalSection
EndGlobal
